
Microsoft Visual Studio Solution File, Format Version 12.00
# Visual Studio Version 17
VisualStudioVersion = 17.2.32630.192
MinimumVisualStudioVersion = 10.0.40219.1
Project("{9A19103F-16F7-4668-BE54-9A1E7A4F7556}") = "1.WinningTicket", "1.WinningTicket\1.WinningTicket.csproj", "{F8678471-916E-4B53-A28C-3CFAC29819AA}"
EndProject
Project("{9A19103F-16F7-4668-BE54-9A1E7A4F7556}") = "2.RageQuit", "2.RageQuit\2.RageQuit.csproj", "{B5B015CC-31A4-4AD8-A77A-91328B20909A}"
EndProject
Project("{9A19103F-16F7-4668-BE54-9A1E7A4F7556}") = "0.Demos", "0.Demos\0.Demos.csproj", "{2A88B86E-1B46-4482-ADF3-DC0233A2B574}"
EndProject
Project("{9A19103F-16F7-4668-BE54-9A1E7A4F7556}") = "3.PostOffice", "3.PostOffice\3.PostOffice.csproj", "{FE288CFB-B061-4EF1-9FDC-ACFAC18DC817}"
EndProject
Project("{FAE04EC0-301F-11D3-BF4B-00C04F79EFBC}") = "4.SantasSecretHelper", "4.SantasSecretHelper\4.SantasSecretHelper.csproj", "{6316E5DD-0C43-4DD1-9302-75843C9C4D49}"
EndProject
Global
	GlobalSection(SolutionConfigurationPlatforms) = preSolution
		Debug|Any CPU = Debug|Any CPU
		Release|Any CPU = Release|Any CPU
	EndGlobalSection
	GlobalSection(ProjectConfigurationPlatforms) = postSolution
		{F8678471-916E-4B53-A28C-3CFAC29819AA}.Debug|Any CPU.ActiveCfg = Debug|Any CPU
		{F8678471-916E-4B53-A28C-3CFAC29819AA}.Debug|Any CPU.Build.0 = Debug|Any CPU
		{F8678471-916E-4B53-A28C-3CFAC29819AA}.Release|Any CPU.ActiveCfg = Release|Any CPU
		{F8678471-916E-4B53-A28C-3CFAC29819AA}.Release|Any CPU.Build.0 = Release|Any CPU
		{B5B015CC-31A4-4AD8-A77A-91328B20909A}.Debug|Any CPU.ActiveCfg = Debug|Any CPU
		{B5B015CC-31A4-4AD8-A77A-91328B20909A}.Debug|Any CPU.Build.0 = Debug|Any CPU
		{B5B015CC-31A4-4AD8-A77A-91328B20909A}.Release|Any CPU.ActiveCfg = Release|Any CPU
		{B5B015CC-31A4-4AD8-A77A-91328B20909A}.Release|Any CPU.Build.0 = Release|Any CPU
		{2A88B86E-1B46-4482-ADF3-DC0233A2B574}.Debug|Any CPU.ActiveCfg = Debug|Any CPU
		{2A88B86E-1B46-4482-ADF3-DC0233A2B574}.Debug|Any CPU.Build.0 = Debug|Any CPU
		{2A88B86E-1B46-4482-ADF3-DC0233A2B574}.Release|Any CPU.ActiveCfg = Release|Any CPU
		{2A88B86E-1B46-4482-ADF3-DC0233A2B574}.Release|Any CPU.Build.0 = Release|Any CPU
		{FE288CFB-B061-4EF1-9FDC-ACFAC18DC817}.Debug|Any CPU.ActiveCfg = Debug|Any CPU
		{FE288CFB-B061-4EF1-9FDC-ACFAC18DC817}.Debug|Any CPU.Build.0 = Debug|Any CPU
		{FE288CFB-B061-4EF1-9FDC-ACFAC18DC817}.Release|Any CPU.ActiveCfg = Release|Any CPU
		{FE288CFB-B061-4EF1-9FDC-ACFAC18DC817}.Release|Any CPU.Build.0 = Release|Any CPU
		{6316E5DD-0C43-4DD1-9302-75843C9C4D49}.Debug|Any CPU.ActiveCfg = Debug|Any CPU
		{6316E5DD-0C43-4DD1-9302-75843C9C4D49}.Debug|Any CPU.Build.0 = Debug|Any CPU
		{6316E5DD-0C43-4DD1-9302-75843C9C4D49}.Release|Any CPU.ActiveCfg = Release|Any CPU
		{6316E5DD-0C43-4DD1-9302-75843C9C4D49}.Release|Any CPU.Build.0 = Release|Any CPU
	EndGlobalSection
	GlobalSection(SolutionProperties) = preSolution
		HideSolutionNode = FALSE
	EndGlobalSection
	GlobalSection(ExtensibilityGlobals) = postSolution
		SolutionGuid = {2747C63C-08DD-420B-9EAA-D290029CFB88}
	EndGlobalSection
EndGlobal
