
Microsoft Visual Studio Solution File, Format Version 12.00
# Visual Studio Version 17
VisualStudioVersion = 17.2.32616.157
MinimumVisualStudioVersion = 10.0.40219.1
Project("{FAE04EC0-301F-11D3-BF4B-00C04F79EFBC}") = "01.ValidUsernames", "01.ValidUsernames\01.ValidUsernames.csproj", "{618BC8B7-EF9A-4EAF-967D-4398478714C5}"
EndProject
Project("{FAE04EC0-301F-11D3-BF4B-00C04F79EFBC}") = "02.CharacterMultiplier", "02.CharacterMultiplier\02.CharacterMultiplier.csproj", "{14286496-4F26-4DFD-BDAF-4851E17FA725}"
EndProject
Project("{FAE04EC0-301F-11D3-BF4B-00C04F79EFBC}") = "03.ExtractFile", "03.ExtractFile\03.ExtractFile.csproj", "{1D281000-6871-443E-A5C9-936BCFB416FB}"
EndProject
Project("{FAE04EC0-301F-11D3-BF4B-00C04F79EFBC}") = "04.CaesarCipher", "04.CaesarCipher\04.CaesarCipher.csproj", "{10D7F9CF-0323-4A7D-AEF2-41D50F0C00E6}"
EndProject
Project("{FAE04EC0-301F-11D3-BF4B-00C04F79EFBC}") = "05.MultiplyBigNumber", "05.MultiplyBigNumber\05.MultiplyBigNumber.csproj", "{739F6195-085A-4DC6-8DFE-4E961330EC9B}"
EndProject
Project("{FAE04EC0-301F-11D3-BF4B-00C04F79EFBC}") = "06.ReplaceRepeatingChars", "06.ReplaceRepeatingChars\06.ReplaceRepeatingChars.csproj", "{BBC998C3-E5AD-4082-B3BC-E45A59CDC19D}"
EndProject
Project("{FAE04EC0-301F-11D3-BF4B-00C04F79EFBC}") = "07.StringExplosion", "07.StringExplosion\07.StringExplosion.csproj", "{165FD8EC-1160-4FAF-8B25-EB752BCF1A76}"
EndProject
Project("{FAE04EC0-301F-11D3-BF4B-00C04F79EFBC}") = "08.LettersChangeNumbers", "08.LettersChangeNumbers\08.LettersChangeNumbers.csproj", "{C250D0A6-0E5E-41F6-99A9-AE05B11A6321}"
EndProject
Global
	GlobalSection(SolutionConfigurationPlatforms) = preSolution
		Debug|Any CPU = Debug|Any CPU
		Release|Any CPU = Release|Any CPU
	EndGlobalSection
	GlobalSection(ProjectConfigurationPlatforms) = postSolution
		{618BC8B7-EF9A-4EAF-967D-4398478714C5}.Debug|Any CPU.ActiveCfg = Debug|Any CPU
		{618BC8B7-EF9A-4EAF-967D-4398478714C5}.Debug|Any CPU.Build.0 = Debug|Any CPU
		{618BC8B7-EF9A-4EAF-967D-4398478714C5}.Release|Any CPU.ActiveCfg = Release|Any CPU
		{618BC8B7-EF9A-4EAF-967D-4398478714C5}.Release|Any CPU.Build.0 = Release|Any CPU
		{14286496-4F26-4DFD-BDAF-4851E17FA725}.Debug|Any CPU.ActiveCfg = Debug|Any CPU
		{14286496-4F26-4DFD-BDAF-4851E17FA725}.Debug|Any CPU.Build.0 = Debug|Any CPU
		{14286496-4F26-4DFD-BDAF-4851E17FA725}.Release|Any CPU.ActiveCfg = Release|Any CPU
		{14286496-4F26-4DFD-BDAF-4851E17FA725}.Release|Any CPU.Build.0 = Release|Any CPU
		{1D281000-6871-443E-A5C9-936BCFB416FB}.Debug|Any CPU.ActiveCfg = Debug|Any CPU
		{1D281000-6871-443E-A5C9-936BCFB416FB}.Debug|Any CPU.Build.0 = Debug|Any CPU
		{1D281000-6871-443E-A5C9-936BCFB416FB}.Release|Any CPU.ActiveCfg = Release|Any CPU
		{1D281000-6871-443E-A5C9-936BCFB416FB}.Release|Any CPU.Build.0 = Release|Any CPU
		{10D7F9CF-0323-4A7D-AEF2-41D50F0C00E6}.Debug|Any CPU.ActiveCfg = Debug|Any CPU
		{10D7F9CF-0323-4A7D-AEF2-41D50F0C00E6}.Debug|Any CPU.Build.0 = Debug|Any CPU
		{10D7F9CF-0323-4A7D-AEF2-41D50F0C00E6}.Release|Any CPU.ActiveCfg = Release|Any CPU
		{10D7F9CF-0323-4A7D-AEF2-41D50F0C00E6}.Release|Any CPU.Build.0 = Release|Any CPU
		{739F6195-085A-4DC6-8DFE-4E961330EC9B}.Debug|Any CPU.ActiveCfg = Debug|Any CPU
		{739F6195-085A-4DC6-8DFE-4E961330EC9B}.Debug|Any CPU.Build.0 = Debug|Any CPU
		{739F6195-085A-4DC6-8DFE-4E961330EC9B}.Release|Any CPU.ActiveCfg = Release|Any CPU
		{739F6195-085A-4DC6-8DFE-4E961330EC9B}.Release|Any CPU.Build.0 = Release|Any CPU
		{BBC998C3-E5AD-4082-B3BC-E45A59CDC19D}.Debug|Any CPU.ActiveCfg = Debug|Any CPU
		{BBC998C3-E5AD-4082-B3BC-E45A59CDC19D}.Debug|Any CPU.Build.0 = Debug|Any CPU
		{BBC998C3-E5AD-4082-B3BC-E45A59CDC19D}.Release|Any CPU.ActiveCfg = Release|Any CPU
		{BBC998C3-E5AD-4082-B3BC-E45A59CDC19D}.Release|Any CPU.Build.0 = Release|Any CPU
		{165FD8EC-1160-4FAF-8B25-EB752BCF1A76}.Debug|Any CPU.ActiveCfg = Debug|Any CPU
		{165FD8EC-1160-4FAF-8B25-EB752BCF1A76}.Debug|Any CPU.Build.0 = Debug|Any CPU
		{165FD8EC-1160-4FAF-8B25-EB752BCF1A76}.Release|Any CPU.ActiveCfg = Release|Any CPU
		{165FD8EC-1160-4FAF-8B25-EB752BCF1A76}.Release|Any CPU.Build.0 = Release|Any CPU
		{C250D0A6-0E5E-41F6-99A9-AE05B11A6321}.Debug|Any CPU.ActiveCfg = Debug|Any CPU
		{C250D0A6-0E5E-41F6-99A9-AE05B11A6321}.Debug|Any CPU.Build.0 = Debug|Any CPU
		{C250D0A6-0E5E-41F6-99A9-AE05B11A6321}.Release|Any CPU.ActiveCfg = Release|Any CPU
		{C250D0A6-0E5E-41F6-99A9-AE05B11A6321}.Release|Any CPU.Build.0 = Release|Any CPU
	EndGlobalSection
	GlobalSection(SolutionProperties) = preSolution
		HideSolutionNode = FALSE
	EndGlobalSection
	GlobalSection(ExtensibilityGlobals) = postSolution
		SolutionGuid = {B2BAFCF3-13D2-4C87-9B87-C1A5060E8EFC}
	EndGlobalSection
EndGlobal
